
Microsoft Visual Studio Solution File, Format Version 12.00
# Visual Studio Version 17
VisualStudioVersion = 17.12.35707.178 d17.12
MinimumVisualStudioVersion = 10.0.40219.1
Project("{FAE04EC0-301F-11D3-BF4B-00C04F79EFBC}") = "CSharpSchulung_060525", "CSharpSchulung_060525\CSharpSchulung_060525.csproj", "{99FDB522-33C9-4D6E-B44F-4816DB0B3CBC}"
EndProject
Project("{FAE04EC0-301F-11D3-BF4B-00C04F79EFBC}") = "M002_Variablen", "M002_Variablen\M002_Variablen.csproj", "{F4151F8D-839E-4D64-A261-8B44C251D302}"
EndProject
Global
	GlobalSection(SolutionConfigurationPlatforms) = preSolution
		Debug|Any CPU = Debug|Any CPU
		Release|Any CPU = Release|Any CPU
	EndGlobalSection
	GlobalSection(ProjectConfigurationPlatforms) = postSolution
		{99FDB522-33C9-4D6E-B44F-4816DB0B3CBC}.Debug|Any CPU.ActiveCfg = Debug|Any CPU
		{99FDB522-33C9-4D6E-B44F-4816DB0B3CBC}.Debug|Any CPU.Build.0 = Debug|Any CPU
		{99FDB522-33C9-4D6E-B44F-4816DB0B3CBC}.Release|Any CPU.ActiveCfg = Release|Any CPU
		{99FDB522-33C9-4D6E-B44F-4816DB0B3CBC}.Release|Any CPU.Build.0 = Release|Any CPU
		{F4151F8D-839E-4D64-A261-8B44C251D302}.Debug|Any CPU.ActiveCfg = Debug|Any CPU
		{F4151F8D-839E-4D64-A261-8B44C251D302}.Debug|Any CPU.Build.0 = Debug|Any CPU
		{F4151F8D-839E-4D64-A261-8B44C251D302}.Release|Any CPU.ActiveCfg = Release|Any CPU
		{F4151F8D-839E-4D64-A261-8B44C251D302}.Release|Any CPU.Build.0 = Release|Any CPU
	EndGlobalSection
	GlobalSection(SolutionProperties) = preSolution
		HideSolutionNode = FALSE
	EndGlobalSection
EndGlobal
