
Microsoft Visual Studio Solution File, Format Version 12.00
# Visual Studio Version 17
VisualStudioVersion = 17.12.35707.178
MinimumVisualStudioVersion = 10.0.40219.1
Project("{FAE04EC0-301F-11D3-BF4B-00C04F79EFBC}") = "CSharpSchulung_060525", "CSharpSchulung_060525\CSharpSchulung_060525.csproj", "{99FDB522-33C9-4D6E-B44F-4816DB0B3CBC}"
EndProject
Project("{FAE04EC0-301F-11D3-BF4B-00C04F79EFBC}") = "M002_Variablen", "M002_Variablen\M002_Variablen.csproj", "{F4151F8D-839E-4D64-A261-8B44C251D302}"
EndProject
Project("{FAE04EC0-301F-11D3-BF4B-00C04F79EFBC}") = "M002_Lab", "M002_Lab\M002_Lab.csproj", "{3C29F637-3790-4A93-8A8A-3707559F7814}"
EndProject
Project("{FAE04EC0-301F-11D3-BF4B-00C04F79EFBC}") = "M003_Array", "M003_Array\M003_Array.csproj", "{F4F01CA4-C0CB-4C8E-B01D-553D09AF5E7F}"
EndProject
Project("{FAE04EC0-301F-11D3-BF4B-00C04F79EFBC}") = "M003_Lab", "M003_Lab\M003_Lab.csproj", "{BFA55A76-C067-491A-89F4-1531BD3B0AD4}"
EndProject
Project("{FAE04EC0-301F-11D3-BF4B-00C04F79EFBC}") = "M004_Enums", "M004_Enums\M004_Enums.csproj", "{689F11CA-B5D3-4678-BA7B-25147A7A1D13}"
EndProject
Project("{FAE04EC0-301F-11D3-BF4B-00C04F79EFBC}") = "M004_Lab", "M004_Lab\M004_Lab.csproj", "{E4256DCB-71F7-4B76-9AAD-56B658A9625E}"
EndProject
Project("{FAE04EC0-301F-11D3-BF4B-00C04F79EFBC}") = "M005_Funktionen", "M005_Funktionen\M005_Funktionen.csproj", "{9388DD30-7F71-4C4A-9220-646BB1764A8E}"
EndProject
Project("{FAE04EC0-301F-11D3-BF4B-00C04F79EFBC}") = "M005_Lab", "M005_Lab\M005_Lab.csproj", "{3995B4A2-38D9-4173-A19F-7A7C7CCABE0E}"
EndProject
Project("{FAE04EC0-301F-11D3-BF4B-00C04F79EFBC}") = "M006_OOP_Klassen_Objekte", "M006_OOP_Klassen_Objekte\M006_OOP_Klassen_Objekte.csproj", "{7D5F4C60-282B-47AA-B1A7-1EA4FE0EE298}"
EndProject
Project("{FAE04EC0-301F-11D3-BF4B-00C04F79EFBC}") = "M006_Lab", "M006_Lab\M006_Lab.csproj", "{C0EDA974-7D96-46B0-A80A-5C52C3BB83B4}"
EndProject
Project("{FAE04EC0-301F-11D3-BF4B-00C04F79EFBC}") = "M007_GC_Static", "M007_GC_Static\M007_GC_Static.csproj", "{314633AE-2A8F-4F17-87B2-D521BA4A226B}"
EndProject
Project("{FAE04EC0-301F-11D3-BF4B-00C04F79EFBC}") = "M007_Lab", "M007_Lab\M007_Lab.csproj", "{98B439F4-710F-4855-8BB6-9A032DC69081}"
EndProject
Project("{FAE04EC0-301F-11D3-BF4B-00C04F79EFBC}") = "M008_Vererbung", "M008_Vererbung\M008_Vererbung.csproj", "{59B1C035-D63B-4791-BE9D-22AD099B785B}"
EndProject
Project("{FAE04EC0-301F-11D3-BF4B-00C04F79EFBC}") = "M008_Lab", "M008_Lab\M008_Lab.csproj", "{0236D7CC-79EB-474D-BF97-FF4D5061C4E7}"
EndProject
Project("{FAE04EC0-301F-11D3-BF4B-00C04F79EFBC}") = "M009_Polymorphismus", "M009_Polymorphismus\M009_Polymorphismus.csproj", "{BD761975-E970-4E10-99A5-ACC1349E3668}"
EndProject
Project("{FAE04EC0-301F-11D3-BF4B-00C04F79EFBC}") = "M010_Interfaces", "M010_Interfaces\M010_Interfaces.csproj", "{3D228C33-7A4C-4ECF-8AB2-90DBB50C53E7}"
EndProject
Project("{FAE04EC0-301F-11D3-BF4B-00C04F79EFBC}") = "M010_Lab", "M010_Lab\M010_Lab.csproj", "{FCCB78B0-CDE7-46A0-A9A4-9F315EB11A25}"
EndProject
Project("{FAE04EC0-301F-11D3-BF4B-00C04F79EFBC}") = "M011_Listen", "M011_Listen\M011_Listen.csproj", "{668DACF7-4A1B-4C6C-90F3-7EB25FC78BF1}"
EndProject
Project("{FAE04EC0-301F-11D3-BF4B-00C04F79EFBC}") = "M012_Linq_Lamba", "M012_Linq_Lamba\M012_Linq_Lamba.csproj", "{EFDB5C17-1680-4CCA-8754-124BBE60524F}"
EndProject
Project("{FAE04EC0-301F-11D3-BF4B-00C04F79EFBC}") = "M012_Linq_Übung", "M012_Linq_Übung\M012_Linq_Übung.csproj", "{59EE84A0-DA6B-4F73-B317-FCBEF5BC15DA}"
EndProject
Project("{FAE04EC0-301F-11D3-BF4B-00C04F79EFBC}") = "AbschlussPruefung", "AbschlussPruefung\AbschlussPruefung.csproj", "{E5D57104-112B-49BD-B6C5-FA0BBD81F18C}"
EndProject
Project("{FAE04EC0-301F-11D3-BF4B-00C04F79EFBC}") = "M013_Exception", "M013_Exception\M013_Exception.csproj", "{799D752C-6DF3-4C5C-A266-99E4D35509DD}"
EndProject
Global
	GlobalSection(SolutionConfigurationPlatforms) = preSolution
		Debug|Any CPU = Debug|Any CPU
		Release|Any CPU = Release|Any CPU
	EndGlobalSection
	GlobalSection(ProjectConfigurationPlatforms) = postSolution
		{99FDB522-33C9-4D6E-B44F-4816DB0B3CBC}.Debug|Any CPU.ActiveCfg = Debug|Any CPU
		{99FDB522-33C9-4D6E-B44F-4816DB0B3CBC}.Debug|Any CPU.Build.0 = Debug|Any CPU
		{99FDB522-33C9-4D6E-B44F-4816DB0B3CBC}.Release|Any CPU.ActiveCfg = Release|Any CPU
		{99FDB522-33C9-4D6E-B44F-4816DB0B3CBC}.Release|Any CPU.Build.0 = Release|Any CPU
		{F4151F8D-839E-4D64-A261-8B44C251D302}.Debug|Any CPU.ActiveCfg = Debug|Any CPU
		{F4151F8D-839E-4D64-A261-8B44C251D302}.Debug|Any CPU.Build.0 = Debug|Any CPU
		{F4151F8D-839E-4D64-A261-8B44C251D302}.Release|Any CPU.ActiveCfg = Release|Any CPU
		{F4151F8D-839E-4D64-A261-8B44C251D302}.Release|Any CPU.Build.0 = Release|Any CPU
		{3C29F637-3790-4A93-8A8A-3707559F7814}.Debug|Any CPU.ActiveCfg = Debug|Any CPU
		{3C29F637-3790-4A93-8A8A-3707559F7814}.Debug|Any CPU.Build.0 = Debug|Any CPU
		{3C29F637-3790-4A93-8A8A-3707559F7814}.Release|Any CPU.ActiveCfg = Release|Any CPU
		{3C29F637-3790-4A93-8A8A-3707559F7814}.Release|Any CPU.Build.0 = Release|Any CPU
		{F4F01CA4-C0CB-4C8E-B01D-553D09AF5E7F}.Debug|Any CPU.ActiveCfg = Debug|Any CPU
		{F4F01CA4-C0CB-4C8E-B01D-553D09AF5E7F}.Debug|Any CPU.Build.0 = Debug|Any CPU
		{F4F01CA4-C0CB-4C8E-B01D-553D09AF5E7F}.Release|Any CPU.ActiveCfg = Release|Any CPU
		{F4F01CA4-C0CB-4C8E-B01D-553D09AF5E7F}.Release|Any CPU.Build.0 = Release|Any CPU
		{BFA55A76-C067-491A-89F4-1531BD3B0AD4}.Debug|Any CPU.ActiveCfg = Debug|Any CPU
		{BFA55A76-C067-491A-89F4-1531BD3B0AD4}.Debug|Any CPU.Build.0 = Debug|Any CPU
		{BFA55A76-C067-491A-89F4-1531BD3B0AD4}.Release|Any CPU.ActiveCfg = Release|Any CPU
		{BFA55A76-C067-491A-89F4-1531BD3B0AD4}.Release|Any CPU.Build.0 = Release|Any CPU
		{689F11CA-B5D3-4678-BA7B-25147A7A1D13}.Debug|Any CPU.ActiveCfg = Debug|Any CPU
		{689F11CA-B5D3-4678-BA7B-25147A7A1D13}.Debug|Any CPU.Build.0 = Debug|Any CPU
		{689F11CA-B5D3-4678-BA7B-25147A7A1D13}.Release|Any CPU.ActiveCfg = Release|Any CPU
		{689F11CA-B5D3-4678-BA7B-25147A7A1D13}.Release|Any CPU.Build.0 = Release|Any CPU
		{E4256DCB-71F7-4B76-9AAD-56B658A9625E}.Debug|Any CPU.ActiveCfg = Debug|Any CPU
		{E4256DCB-71F7-4B76-9AAD-56B658A9625E}.Debug|Any CPU.Build.0 = Debug|Any CPU
		{E4256DCB-71F7-4B76-9AAD-56B658A9625E}.Release|Any CPU.ActiveCfg = Release|Any CPU
		{E4256DCB-71F7-4B76-9AAD-56B658A9625E}.Release|Any CPU.Build.0 = Release|Any CPU
		{9388DD30-7F71-4C4A-9220-646BB1764A8E}.Debug|Any CPU.ActiveCfg = Debug|Any CPU
		{9388DD30-7F71-4C4A-9220-646BB1764A8E}.Debug|Any CPU.Build.0 = Debug|Any CPU
		{9388DD30-7F71-4C4A-9220-646BB1764A8E}.Release|Any CPU.ActiveCfg = Release|Any CPU
		{9388DD30-7F71-4C4A-9220-646BB1764A8E}.Release|Any CPU.Build.0 = Release|Any CPU
		{3995B4A2-38D9-4173-A19F-7A7C7CCABE0E}.Debug|Any CPU.ActiveCfg = Debug|Any CPU
		{3995B4A2-38D9-4173-A19F-7A7C7CCABE0E}.Debug|Any CPU.Build.0 = Debug|Any CPU
		{3995B4A2-38D9-4173-A19F-7A7C7CCABE0E}.Release|Any CPU.ActiveCfg = Release|Any CPU
		{3995B4A2-38D9-4173-A19F-7A7C7CCABE0E}.Release|Any CPU.Build.0 = Release|Any CPU
		{7D5F4C60-282B-47AA-B1A7-1EA4FE0EE298}.Debug|Any CPU.ActiveCfg = Debug|Any CPU
		{7D5F4C60-282B-47AA-B1A7-1EA4FE0EE298}.Debug|Any CPU.Build.0 = Debug|Any CPU
		{7D5F4C60-282B-47AA-B1A7-1EA4FE0EE298}.Release|Any CPU.ActiveCfg = Release|Any CPU
		{7D5F4C60-282B-47AA-B1A7-1EA4FE0EE298}.Release|Any CPU.Build.0 = Release|Any CPU
		{C0EDA974-7D96-46B0-A80A-5C52C3BB83B4}.Debug|Any CPU.ActiveCfg = Debug|Any CPU
		{C0EDA974-7D96-46B0-A80A-5C52C3BB83B4}.Debug|Any CPU.Build.0 = Debug|Any CPU
		{C0EDA974-7D96-46B0-A80A-5C52C3BB83B4}.Release|Any CPU.ActiveCfg = Release|Any CPU
		{C0EDA974-7D96-46B0-A80A-5C52C3BB83B4}.Release|Any CPU.Build.0 = Release|Any CPU
		{314633AE-2A8F-4F17-87B2-D521BA4A226B}.Debug|Any CPU.ActiveCfg = Debug|Any CPU
		{314633AE-2A8F-4F17-87B2-D521BA4A226B}.Debug|Any CPU.Build.0 = Debug|Any CPU
		{314633AE-2A8F-4F17-87B2-D521BA4A226B}.Release|Any CPU.ActiveCfg = Release|Any CPU
		{314633AE-2A8F-4F17-87B2-D521BA4A226B}.Release|Any CPU.Build.0 = Release|Any CPU
		{98B439F4-710F-4855-8BB6-9A032DC69081}.Debug|Any CPU.ActiveCfg = Debug|Any CPU
		{98B439F4-710F-4855-8BB6-9A032DC69081}.Debug|Any CPU.Build.0 = Debug|Any CPU
		{98B439F4-710F-4855-8BB6-9A032DC69081}.Release|Any CPU.ActiveCfg = Release|Any CPU
		{98B439F4-710F-4855-8BB6-9A032DC69081}.Release|Any CPU.Build.0 = Release|Any CPU
		{59B1C035-D63B-4791-BE9D-22AD099B785B}.Debug|Any CPU.ActiveCfg = Debug|Any CPU
		{59B1C035-D63B-4791-BE9D-22AD099B785B}.Debug|Any CPU.Build.0 = Debug|Any CPU
		{59B1C035-D63B-4791-BE9D-22AD099B785B}.Release|Any CPU.ActiveCfg = Release|Any CPU
		{59B1C035-D63B-4791-BE9D-22AD099B785B}.Release|Any CPU.Build.0 = Release|Any CPU
		{0236D7CC-79EB-474D-BF97-FF4D5061C4E7}.Debug|Any CPU.ActiveCfg = Debug|Any CPU
		{0236D7CC-79EB-474D-BF97-FF4D5061C4E7}.Debug|Any CPU.Build.0 = Debug|Any CPU
		{0236D7CC-79EB-474D-BF97-FF4D5061C4E7}.Release|Any CPU.ActiveCfg = Release|Any CPU
		{0236D7CC-79EB-474D-BF97-FF4D5061C4E7}.Release|Any CPU.Build.0 = Release|Any CPU
		{BD761975-E970-4E10-99A5-ACC1349E3668}.Debug|Any CPU.ActiveCfg = Debug|Any CPU
		{BD761975-E970-4E10-99A5-ACC1349E3668}.Debug|Any CPU.Build.0 = Debug|Any CPU
		{BD761975-E970-4E10-99A5-ACC1349E3668}.Release|Any CPU.ActiveCfg = Release|Any CPU
		{BD761975-E970-4E10-99A5-ACC1349E3668}.Release|Any CPU.Build.0 = Release|Any CPU
		{3D228C33-7A4C-4ECF-8AB2-90DBB50C53E7}.Debug|Any CPU.ActiveCfg = Debug|Any CPU
		{3D228C33-7A4C-4ECF-8AB2-90DBB50C53E7}.Debug|Any CPU.Build.0 = Debug|Any CPU
		{3D228C33-7A4C-4ECF-8AB2-90DBB50C53E7}.Release|Any CPU.ActiveCfg = Release|Any CPU
		{3D228C33-7A4C-4ECF-8AB2-90DBB50C53E7}.Release|Any CPU.Build.0 = Release|Any CPU
		{FCCB78B0-CDE7-46A0-A9A4-9F315EB11A25}.Debug|Any CPU.ActiveCfg = Debug|Any CPU
		{FCCB78B0-CDE7-46A0-A9A4-9F315EB11A25}.Debug|Any CPU.Build.0 = Debug|Any CPU
		{FCCB78B0-CDE7-46A0-A9A4-9F315EB11A25}.Release|Any CPU.ActiveCfg = Release|Any CPU
		{FCCB78B0-CDE7-46A0-A9A4-9F315EB11A25}.Release|Any CPU.Build.0 = Release|Any CPU
		{668DACF7-4A1B-4C6C-90F3-7EB25FC78BF1}.Debug|Any CPU.ActiveCfg = Debug|Any CPU
		{668DACF7-4A1B-4C6C-90F3-7EB25FC78BF1}.Debug|Any CPU.Build.0 = Debug|Any CPU
		{668DACF7-4A1B-4C6C-90F3-7EB25FC78BF1}.Release|Any CPU.ActiveCfg = Release|Any CPU
		{668DACF7-4A1B-4C6C-90F3-7EB25FC78BF1}.Release|Any CPU.Build.0 = Release|Any CPU
		{EFDB5C17-1680-4CCA-8754-124BBE60524F}.Debug|Any CPU.ActiveCfg = Debug|Any CPU
		{EFDB5C17-1680-4CCA-8754-124BBE60524F}.Debug|Any CPU.Build.0 = Debug|Any CPU
		{EFDB5C17-1680-4CCA-8754-124BBE60524F}.Release|Any CPU.ActiveCfg = Release|Any CPU
		{EFDB5C17-1680-4CCA-8754-124BBE60524F}.Release|Any CPU.Build.0 = Release|Any CPU
		{59EE84A0-DA6B-4F73-B317-FCBEF5BC15DA}.Debug|Any CPU.ActiveCfg = Debug|Any CPU
		{59EE84A0-DA6B-4F73-B317-FCBEF5BC15DA}.Debug|Any CPU.Build.0 = Debug|Any CPU
		{59EE84A0-DA6B-4F73-B317-FCBEF5BC15DA}.Release|Any CPU.ActiveCfg = Release|Any CPU
		{59EE84A0-DA6B-4F73-B317-FCBEF5BC15DA}.Release|Any CPU.Build.0 = Release|Any CPU
		{E5D57104-112B-49BD-B6C5-FA0BBD81F18C}.Debug|Any CPU.ActiveCfg = Debug|Any CPU
		{E5D57104-112B-49BD-B6C5-FA0BBD81F18C}.Debug|Any CPU.Build.0 = Debug|Any CPU
		{E5D57104-112B-49BD-B6C5-FA0BBD81F18C}.Release|Any CPU.ActiveCfg = Release|Any CPU
		{E5D57104-112B-49BD-B6C5-FA0BBD81F18C}.Release|Any CPU.Build.0 = Release|Any CPU
		{799D752C-6DF3-4C5C-A266-99E4D35509DD}.Debug|Any CPU.ActiveCfg = Debug|Any CPU
		{799D752C-6DF3-4C5C-A266-99E4D35509DD}.Debug|Any CPU.Build.0 = Debug|Any CPU
		{799D752C-6DF3-4C5C-A266-99E4D35509DD}.Release|Any CPU.ActiveCfg = Release|Any CPU
		{799D752C-6DF3-4C5C-A266-99E4D35509DD}.Release|Any CPU.Build.0 = Release|Any CPU
	EndGlobalSection
	GlobalSection(SolutionProperties) = preSolution
		HideSolutionNode = FALSE
	EndGlobalSection
EndGlobal
